
Microsoft Visual Studio Solution File, Format Version 12.00
# Visual Studio 15
VisualStudioVersion = 15.0.27130.2026
MinimumVisualStudioVersion = 10.0.40219.1
Project("{FAE04EC0-301F-11D3-BF4B-00C04F79EFBC}") = "Minedraft", "Minedraft\Minedraft.csproj", "{2B8E833A-8D75-44C5-A88A-9B4B9FE1C036}"
EndProject
Project("{FAE04EC0-301F-11D3-BF4B-00C04F79EFBC}") = "TestVisualizer", "TestVisualizer\TestVisualizer.csproj", "{5246BF98-F724-4265-9371-89CE3E5EACF8}"
EndProject
Project("{FAE04EC0-301F-11D3-BF4B-00C04F79EFBC}") = "Minedraft.Tests", "Minedraft.Tests\Minedraft.Tests.csproj", "{F6DA51BB-7615-4402-8363-1CA62D9DBF50}"
EndProject
Global
	GlobalSection(SolutionConfigurationPlatforms) = preSolution
		Debug|Any CPU = Debug|Any CPU
		Release|Any CPU = Release|Any CPU
	EndGlobalSection
	GlobalSection(ProjectConfigurationPlatforms) = postSolution
		{2B8E833A-8D75-44C5-A88A-9B4B9FE1C036}.Debug|Any CPU.ActiveCfg = Debug|Any CPU
		{2B8E833A-8D75-44C5-A88A-9B4B9FE1C036}.Debug|Any CPU.Build.0 = Debug|Any CPU
		{2B8E833A-8D75-44C5-A88A-9B4B9FE1C036}.Release|Any CPU.ActiveCfg = Release|Any CPU
		{2B8E833A-8D75-44C5-A88A-9B4B9FE1C036}.Release|Any CPU.Build.0 = Release|Any CPU
		{5246BF98-F724-4265-9371-89CE3E5EACF8}.Debug|Any CPU.ActiveCfg = Debug|Any CPU
		{5246BF98-F724-4265-9371-89CE3E5EACF8}.Debug|Any CPU.Build.0 = Debug|Any CPU
		{5246BF98-F724-4265-9371-89CE3E5EACF8}.Release|Any CPU.ActiveCfg = Release|Any CPU
		{5246BF98-F724-4265-9371-89CE3E5EACF8}.Release|Any CPU.Build.0 = Release|Any CPU
		{F6DA51BB-7615-4402-8363-1CA62D9DBF50}.Debug|Any CPU.ActiveCfg = Debug|Any CPU
		{F6DA51BB-7615-4402-8363-1CA62D9DBF50}.Debug|Any CPU.Build.0 = Debug|Any CPU
		{F6DA51BB-7615-4402-8363-1CA62D9DBF50}.Release|Any CPU.ActiveCfg = Release|Any CPU
		{F6DA51BB-7615-4402-8363-1CA62D9DBF50}.Release|Any CPU.Build.0 = Release|Any CPU
	EndGlobalSection
	GlobalSection(SolutionProperties) = preSolution
		HideSolutionNode = FALSE
	EndGlobalSection
	GlobalSection(ExtensibilityGlobals) = postSolution
		SolutionGuid = {A80D1868-B543-4D44-96DA-D30010F52779}
	EndGlobalSection
EndGlobal
