
Microsoft Visual Studio Solution File, Format Version 12.00
# Visual Studio 15
VisualStudioVersion = 15.0.27130.2026
MinimumVisualStudioVersion = 10.0.40219.1
Project("{FAE04EC0-301F-11D3-BF4B-00C04F79EFBC}") = "Hell", "Hell\Hell.csproj", "{3C9A169B-08A0-4734-9601-EEDD84F7AA37}"
EndProject
Project("{FAE04EC0-301F-11D3-BF4B-00C04F79EFBC}") = "Hell.Tests", "Hell.Tests\Hell.Tests.csproj", "{F216522F-CEA0-44AE-9738-2AA1D4A63B94}"
EndProject
Project("{FAE04EC0-301F-11D3-BF4B-00C04F79EFBC}") = "TestVisualizer", "TestVisualizer\TestVisualizer.csproj", "{60C533FF-C558-49BC-8490-6E745688CF38}"
EndProject
Global
	GlobalSection(SolutionConfigurationPlatforms) = preSolution
		Debug|Any CPU = Debug|Any CPU
		Release|Any CPU = Release|Any CPU
	EndGlobalSection
	GlobalSection(ProjectConfigurationPlatforms) = postSolution
		{3C9A169B-08A0-4734-9601-EEDD84F7AA37}.Debug|Any CPU.ActiveCfg = Debug|Any CPU
		{3C9A169B-08A0-4734-9601-EEDD84F7AA37}.Debug|Any CPU.Build.0 = Debug|Any CPU
		{3C9A169B-08A0-4734-9601-EEDD84F7AA37}.Release|Any CPU.ActiveCfg = Release|Any CPU
		{3C9A169B-08A0-4734-9601-EEDD84F7AA37}.Release|Any CPU.Build.0 = Release|Any CPU
		{F216522F-CEA0-44AE-9738-2AA1D4A63B94}.Debug|Any CPU.ActiveCfg = Debug|Any CPU
		{F216522F-CEA0-44AE-9738-2AA1D4A63B94}.Debug|Any CPU.Build.0 = Debug|Any CPU
		{F216522F-CEA0-44AE-9738-2AA1D4A63B94}.Release|Any CPU.ActiveCfg = Release|Any CPU
		{F216522F-CEA0-44AE-9738-2AA1D4A63B94}.Release|Any CPU.Build.0 = Release|Any CPU
		{60C533FF-C558-49BC-8490-6E745688CF38}.Debug|Any CPU.ActiveCfg = Debug|Any CPU
		{60C533FF-C558-49BC-8490-6E745688CF38}.Debug|Any CPU.Build.0 = Debug|Any CPU
		{60C533FF-C558-49BC-8490-6E745688CF38}.Release|Any CPU.ActiveCfg = Release|Any CPU
		{60C533FF-C558-49BC-8490-6E745688CF38}.Release|Any CPU.Build.0 = Release|Any CPU
	EndGlobalSection
	GlobalSection(SolutionProperties) = preSolution
		HideSolutionNode = FALSE
	EndGlobalSection
	GlobalSection(ExtensibilityGlobals) = postSolution
		SolutionGuid = {C6A7ED29-36A5-464B-9D35-692038B946E1}
	EndGlobalSection
EndGlobal
