
Microsoft Visual Studio Solution File, Format Version 12.00
# Visual Studio 15
VisualStudioVersion = 15.0.27130.2026
MinimumVisualStudioVersion = 10.0.40219.1
Project("{9A19103F-16F7-4668-BE54-9A1E7A4F7556}") = "Lab", "Lab\Lab.csproj", "{606EF84C-B8DF-4C41-A70F-4B928E863DF4}"
EndProject
Project("{9A19103F-16F7-4668-BE54-9A1E7A4F7556}") = "01.EventImplementation", "01.EventImplementation\01.EventImplementation.csproj", "{4C18281A-94A6-427B-9C72-07640F062FE3}"
EndProject
Project("{9A19103F-16F7-4668-BE54-9A1E7A4F7556}") = "02.KingsGambit", "02.KingsGambit\02.KingsGambit.csproj", "{4A565CAD-F598-461B-808C-564628D06141}"
EndProject
Project("{9A19103F-16F7-4668-BE54-9A1E7A4F7556}") = "03.DependencyInversion", "03.DependencyInversion\03.DependencyInversion.csproj", "{2E913D01-BB0C-499C-83F7-3868CE74FAA9}"
EndProject
Project("{9A19103F-16F7-4668-BE54-9A1E7A4F7556}") = "04.WorkForce", "04.WorkForce\04.WorkForce.csproj", "{20D03B1D-FD30-4DE5-8829-55BA20015177}"
EndProject
Project("{9A19103F-16F7-4668-BE54-9A1E7A4F7556}") = "05.KingsGambitExtended", "05.KingsGambitExtended\05.KingsGambitExtended.csproj", "{2BB6D6D3-F9D2-4121-963E-4ADBBCA59D92}"
EndProject
Project("{FAE04EC0-301F-11D3-BF4B-00C04F79EFBC}") = "04_2.WorkForce", "04_2.WorkForce\04_2.WorkForce.csproj", "{2D084AF2-D297-4679-8CA8-4539D91B61DD}"
EndProject
Global
	GlobalSection(SolutionConfigurationPlatforms) = preSolution
		Debug|Any CPU = Debug|Any CPU
		Release|Any CPU = Release|Any CPU
	EndGlobalSection
	GlobalSection(ProjectConfigurationPlatforms) = postSolution
		{606EF84C-B8DF-4C41-A70F-4B928E863DF4}.Debug|Any CPU.ActiveCfg = Debug|Any CPU
		{606EF84C-B8DF-4C41-A70F-4B928E863DF4}.Debug|Any CPU.Build.0 = Debug|Any CPU
		{606EF84C-B8DF-4C41-A70F-4B928E863DF4}.Release|Any CPU.ActiveCfg = Release|Any CPU
		{606EF84C-B8DF-4C41-A70F-4B928E863DF4}.Release|Any CPU.Build.0 = Release|Any CPU
		{4C18281A-94A6-427B-9C72-07640F062FE3}.Debug|Any CPU.ActiveCfg = Debug|Any CPU
		{4C18281A-94A6-427B-9C72-07640F062FE3}.Debug|Any CPU.Build.0 = Debug|Any CPU
		{4C18281A-94A6-427B-9C72-07640F062FE3}.Release|Any CPU.ActiveCfg = Release|Any CPU
		{4C18281A-94A6-427B-9C72-07640F062FE3}.Release|Any CPU.Build.0 = Release|Any CPU
		{4A565CAD-F598-461B-808C-564628D06141}.Debug|Any CPU.ActiveCfg = Debug|Any CPU
		{4A565CAD-F598-461B-808C-564628D06141}.Debug|Any CPU.Build.0 = Debug|Any CPU
		{4A565CAD-F598-461B-808C-564628D06141}.Release|Any CPU.ActiveCfg = Release|Any CPU
		{4A565CAD-F598-461B-808C-564628D06141}.Release|Any CPU.Build.0 = Release|Any CPU
		{2E913D01-BB0C-499C-83F7-3868CE74FAA9}.Debug|Any CPU.ActiveCfg = Debug|Any CPU
		{2E913D01-BB0C-499C-83F7-3868CE74FAA9}.Debug|Any CPU.Build.0 = Debug|Any CPU
		{2E913D01-BB0C-499C-83F7-3868CE74FAA9}.Release|Any CPU.ActiveCfg = Release|Any CPU
		{2E913D01-BB0C-499C-83F7-3868CE74FAA9}.Release|Any CPU.Build.0 = Release|Any CPU
		{20D03B1D-FD30-4DE5-8829-55BA20015177}.Debug|Any CPU.ActiveCfg = Debug|Any CPU
		{20D03B1D-FD30-4DE5-8829-55BA20015177}.Debug|Any CPU.Build.0 = Debug|Any CPU
		{20D03B1D-FD30-4DE5-8829-55BA20015177}.Release|Any CPU.ActiveCfg = Release|Any CPU
		{20D03B1D-FD30-4DE5-8829-55BA20015177}.Release|Any CPU.Build.0 = Release|Any CPU
		{2BB6D6D3-F9D2-4121-963E-4ADBBCA59D92}.Debug|Any CPU.ActiveCfg = Debug|Any CPU
		{2BB6D6D3-F9D2-4121-963E-4ADBBCA59D92}.Debug|Any CPU.Build.0 = Debug|Any CPU
		{2BB6D6D3-F9D2-4121-963E-4ADBBCA59D92}.Release|Any CPU.ActiveCfg = Release|Any CPU
		{2BB6D6D3-F9D2-4121-963E-4ADBBCA59D92}.Release|Any CPU.Build.0 = Release|Any CPU
		{2D084AF2-D297-4679-8CA8-4539D91B61DD}.Debug|Any CPU.ActiveCfg = Debug|Any CPU
		{2D084AF2-D297-4679-8CA8-4539D91B61DD}.Debug|Any CPU.Build.0 = Debug|Any CPU
		{2D084AF2-D297-4679-8CA8-4539D91B61DD}.Release|Any CPU.ActiveCfg = Release|Any CPU
		{2D084AF2-D297-4679-8CA8-4539D91B61DD}.Release|Any CPU.Build.0 = Release|Any CPU
	EndGlobalSection
	GlobalSection(SolutionProperties) = preSolution
		HideSolutionNode = FALSE
	EndGlobalSection
	GlobalSection(ExtensibilityGlobals) = postSolution
		SolutionGuid = {46111B92-A44A-4C18-8C40-A1B11CF5AF76}
	EndGlobalSection
EndGlobal
